
Microsoft Visual Studio Solution File, Format Version 12.00
# Visual Studio Version 17
VisualStudioVersion = 17.0.32014.148
MinimumVisualStudioVersion = 10.0.40219.1
Project("{FAE04EC0-301F-11D3-BF4B-00C04F79EFBC}") = "FileTracker.WindowsService", "FileTracker.WindowsService\FileTracker.WindowsService.csproj", "{5C728104-5FC9-40C3-B2FE-83311C16DFB9}"
EndProject
Project("{9A19103F-16F7-4668-BE54-9A1E7A4F7556}") = "FileTracker.Common", "FileTracker.Common\FileTracker.Common.csproj", "{24AD9FA2-8640-4A10-8439-1913A778824F}"
EndProject
Project("{FAE04EC0-301F-11D3-BF4B-00C04F79EFBC}") = "FileTracker.Console", "FileTracker.Console\FileTracker.Console.csproj", "{9FFFBF03-7679-47B3-8F50-C2F1B0327249}"
EndProject
Global
	GlobalSection(SolutionConfigurationPlatforms) = preSolution
		Debug|Any CPU = Debug|Any CPU
		Release|Any CPU = Release|Any CPU
	EndGlobalSection
	GlobalSection(ProjectConfigurationPlatforms) = postSolution
		{5C728104-5FC9-40C3-B2FE-83311C16DFB9}.Debug|Any CPU.ActiveCfg = Debug|Any CPU
		{5C728104-5FC9-40C3-B2FE-83311C16DFB9}.Debug|Any CPU.Build.0 = Debug|Any CPU
		{5C728104-5FC9-40C3-B2FE-83311C16DFB9}.Release|Any CPU.ActiveCfg = Release|Any CPU
		{5C728104-5FC9-40C3-B2FE-83311C16DFB9}.Release|Any CPU.Build.0 = Release|Any CPU
		{24AD9FA2-8640-4A10-8439-1913A778824F}.Debug|Any CPU.ActiveCfg = Debug|Any CPU
		{24AD9FA2-8640-4A10-8439-1913A778824F}.Debug|Any CPU.Build.0 = Debug|Any CPU
		{24AD9FA2-8640-4A10-8439-1913A778824F}.Release|Any CPU.ActiveCfg = Release|Any CPU
		{24AD9FA2-8640-4A10-8439-1913A778824F}.Release|Any CPU.Build.0 = Release|Any CPU
		{9FFFBF03-7679-47B3-8F50-C2F1B0327249}.Debug|Any CPU.ActiveCfg = Debug|Any CPU
		{9FFFBF03-7679-47B3-8F50-C2F1B0327249}.Debug|Any CPU.Build.0 = Debug|Any CPU
		{9FFFBF03-7679-47B3-8F50-C2F1B0327249}.Release|Any CPU.ActiveCfg = Release|Any CPU
		{9FFFBF03-7679-47B3-8F50-C2F1B0327249}.Release|Any CPU.Build.0 = Release|Any CPU
	EndGlobalSection
	GlobalSection(SolutionProperties) = preSolution
		HideSolutionNode = FALSE
	EndGlobalSection
	GlobalSection(ExtensibilityGlobals) = postSolution
		SolutionGuid = {DE8022B2-12F2-4E46-A8CE-D853763E1AB0}
	EndGlobalSection
EndGlobal
